
Microsoft Visual Studio Solution File, Format Version 12.00
# Visual Studio Version 17
VisualStudioVersion = 17.1.32421.90
MinimumVisualStudioVersion = 10.0.40219.1
Project("{FAE04EC0-301F-11D3-BF4B-00C04F79EFBC}") = "API1", "API1.csproj", "{8BA852E8-37CF-4F92-AAE4-8EC0F0A7108B}"
EndProject
Global
	GlobalSection(SolutionConfigurationPlatforms) = preSolution
		Debug|Any CPU = Debug|Any CPU
		Release|Any CPU = Release|Any CPU
	EndGlobalSection
	GlobalSection(ProjectConfigurationPlatforms) = postSolution
		{8BA852E8-37CF-4F92-AAE4-8EC0F0A7108B}.Debug|Any CPU.ActiveCfg = Debug|Any CPU
		{8BA852E8-37CF-4F92-AAE4-8EC0F0A7108B}.Debug|Any CPU.Build.0 = Debug|Any CPU
		{8BA852E8-37CF-4F92-AAE4-8EC0F0A7108B}.Release|Any CPU.ActiveCfg = Release|Any CPU
		{8BA852E8-37CF-4F92-AAE4-8EC0F0A7108B}.Release|Any CPU.Build.0 = Release|Any CPU
	EndGlobalSection
	GlobalSection(SolutionProperties) = preSolution
		HideSolutionNode = FALSE
	EndGlobalSection
	GlobalSection(ExtensibilityGlobals) = postSolution
		SolutionGuid = {139AD97C-8DF0-4576-9BCE-22A45F93341F}
	EndGlobalSection
EndGlobal
